Microsoft Visual Studio Solution File, Format Version 11.00
# Visual Studio 2008

Project("{608A4083-4A1A-C89F-B0FF-E6FFC8F59FC4}") = "Woe is Me", "Assembly-CSharp.csproj", "{09FE0124-F31A-1EE1-8BE7-310B4BB934C8}"
EndProject
Global
	GlobalSection(SolutionConfigurationPlatforms) = preSolution
		Debug|Any CPU = Debug|Any CPU
		Release|Any CPU = Release|Any CPU
	EndGlobalSection
	GlobalSection(ProjectConfigurationPlatforms) = postSolution
		{09FE0124-F31A-1EE1-8BE7-310B4BB934C8}.Debug|Any CPU.ActiveCfg = Debug|Any CPU
		{09FE0124-F31A-1EE1-8BE7-310B4BB934C8}.Debug|Any CPU.Build.0 = Debug|Any CPU
		{09FE0124-F31A-1EE1-8BE7-310B4BB934C8}.Release|Any CPU.ActiveCfg = Release|Any CPU
		{09FE0124-F31A-1EE1-8BE7-310B4BB934C8}.Release|Any CPU.Build.0 = Release|Any CPU
	EndGlobalSection
	GlobalSection(SolutionProperties) = preSolution
		HideSolutionNode = FALSE
	EndGlobalSection
	GlobalSection(MonoDevelopProperties) = preSolution
		StartupItem = Assembly-CSharp.csproj
	EndGlobalSection
EndGlobal
